// !$*UTF8*$!
{
	archiveVersion = 1;
	classes = {
	};
	objectVersion = 50;
	objects = {

/* Begin PBXBuildFile section */
		8B602091F3E24444681CA742 /* Pods_RouletteApp.framework in Frameworks */ = {isa = PBXBuildFile; fileRef = ECC55971986188C26647E7D4 /* Pods_RouletteApp.framework */; };
		B6354FBF214B81FC002407D5 /* ExtensionNotification.swift in Sources */ = {isa = PBXBuildFile; fileRef = B6354FBE214B81FC002407D5 /* ExtensionNotification.swift */; };
		B63843422135A44000CEF376 /* ViewController.swift in Sources */ = {isa = PBXBuildFile; fileRef = B63843412135A44000CEF376 /* ViewController.swift */; };
		B63843442135A4F100CEF376 /* MenuVC.swift in Sources */ = {isa = PBXBuildFile; fileRef = B63843432135A4F100CEF376 /* MenuVC.swift */; };
		B63843482135A8DE00CEF376 /* Storyboardable.swift in Sources */ = {isa = PBXBuildFile; fileRef = B63843472135A8DE00CEF376 /* Storyboardable.swift */; };
		B638434A2135A91400CEF376 /* BaseVC.swift in Sources */ = {isa = PBXBuildFile; fileRef = B63843492135A91400CEF376 /* BaseVC.swift */; };
		B638434C2135A95800CEF376 /* HomeVC.swift in Sources */ = {isa = PBXBuildFile; fileRef = B638434B2135A95800CEF376 /* HomeVC.swift */; };
		B63843522139895000CEF376 /* PieChartSetting.swift in Sources */ = {isa = PBXBuildFile; fileRef = B63843512139895000CEF376 /* PieChartSetting.swift */; };
		B6384356213A56BF00CEF376 /* RouletteItemCell.swift in Sources */ = {isa = PBXBuildFile; fileRef = B6384354213A56BF00CEF376 /* RouletteItemCell.swift */; };
		B6384357213A56BF00CEF376 /* RouletteItemCell.xib in Resources */ = {isa = PBXBuildFile; fileRef = B6384355213A56BF00CEF376 /* RouletteItemCell.xib */; };
		B638435A213A596E00CEF376 /* CircleView.swift in Sources */ = {isa = PBXBuildFile; fileRef = B6384359213A596E00CEF376 /* CircleView.swift */; };
		B638435E213A5BB400CEF376 /* SetDataVC.swift in Sources */ = {isa = PBXBuildFile; fileRef = B638435D213A5BB400CEF376 /* SetDataVC.swift */; };
		B6384362213A925800CEF376 /* EffectView.swift in Sources */ = {isa = PBXBuildFile; fileRef = B6384361213A925800CEF376 /* EffectView.swift */; };
		B6384364213AC92D00CEF376 /* RouletteItemObj.swift in Sources */ = {isa = PBXBuildFile; fileRef = B6384363213AC92D00CEF376 /* RouletteItemObj.swift */; };
		B6384366213AC99600CEF376 /* RouletteDataset.swift in Sources */ = {isa = PBXBuildFile; fileRef = B6384365213AC99600CEF376 /* RouletteDataset.swift */; };
		B6384369213AE04800CEF376 /* ExtensionUIColor.swift in Sources */ = {isa = PBXBuildFile; fileRef = B6384368213AE04800CEF376 /* ExtensionUIColor.swift */; };
		B638436B213BCB9900CEF376 /* RealmManager.swift in Sources */ = {isa = PBXBuildFile; fileRef = B638436A213BCB9900CEF376 /* RealmManager.swift */; };
		B638436D213C67AD00CEF376 /* FavoriteLabel.swift in Sources */ = {isa = PBXBuildFile; fileRef = B638436C213C67AD00CEF376 /* FavoriteLabel.swift */; };
		B6384371213D01F500CEF376 /* FavoriteItemCell.swift in Sources */ = {isa = PBXBuildFile; fileRef = B638436F213D01F500CEF376 /* FavoriteItemCell.swift */; };
		B6384372213D01F500CEF376 /* FavoriteItemCell.xib in Resources */ = {isa = PBXBuildFile; fileRef = B6384370213D01F500CEF376 /* FavoriteItemCell.xib */; };
		B6384374213D02B400CEF376 /* FavoriteVC.swift in Sources */ = {isa = PBXBuildFile; fileRef = B6384373213D02B400CEF376 /* FavoriteVC.swift */; };
		B675B40D213449AC0083B5A7 /* AppDelegate.swift in Sources */ = {isa = PBXBuildFile; fileRef = B675B40C213449AC0083B5A7 /* AppDelegate.swift */; };
		B675B412213449AC0083B5A7 /* Main.storyboard in Resources */ = {isa = PBXBuildFile; fileRef = B675B410213449AC0083B5A7 /* Main.storyboard */; };
		B675B414213449B00083B5A7 /* Assets.xcassets in Resources */ = {isa = PBXBuildFile; fileRef = B675B413213449B00083B5A7 /* Assets.xcassets */; };
		B675B417213449B10083B5A7 /* LaunchScreen.storyboard in Resources */ = {isa = PBXBuildFile; fileRef = B675B415213449B10083B5A7 /* LaunchScreen.storyboard */; };
/* End PBXBuildFile section */

/* Begin PBXFileReference section */
		0F1EC45F3F06AFDEB830889F /* Pods-RouletteApp.release.xcconfig */ = {isa = PBXFileReference; includeInIndex = 1; lastKnownFileType = text.xcconfig; name = "Pods-RouletteApp.release.xcconfig"; path = "Pods/Target Support Files/Pods-RouletteApp/Pods-RouletteApp.release.xcconfig"; sourceTree = "<group>"; };
		8B4262C464200A2DAE4417FA /* Pods-RouletteApp.debug.xcconfig */ = {isa = PBXFileReference; includeInIndex = 1; lastKnownFileType = text.xcconfig; name = "Pods-RouletteApp.debug.xcconfig"; path = "Pods/Target Support Files/Pods-RouletteApp/Pods-RouletteApp.debug.xcconfig"; sourceTree = "<group>"; };
		B6354FBE214B81FC002407D5 /* ExtensionNotification.swift */ = {isa = PBXFileReference; lastKnownFileType = sourcecode.swift; path = ExtensionNotification.swift; sourceTree = "<group>"; };
		B63843412135A44000CEF376 /* ViewController.swift */ = {isa = PBXFileReference; fileEncoding = 4; lastKnownFileType = sourcecode.swift; name = ViewController.swift; path = RouletteApp/Controller/ViewController.swift; sourceTree = SOURCE_ROOT; };
		B63843432135A4F100CEF376 /* MenuVC.swift */ = {isa = PBXFileReference; lastKnownFileType = sourcecode.swift; path = MenuVC.swift; sourceTree = "<group>"; };
		B63843472135A8DE00CEF376 /* Storyboardable.swift */ = {isa = PBXFileReference; lastKnownFileType = sourcecode.swift; path = Storyboardable.swift; sourceTree = "<group>"; };
		B63843492135A91400CEF376 /* BaseVC.swift */ = {isa = PBXFileReference; lastKnownFileType = sourcecode.swift; path = BaseVC.swift; sourceTree = "<group>"; };
		B638434B2135A95800CEF376 /* HomeVC.swift */ = {isa = PBXFileReference; lastKnownFileType = sourcecode.swift; path = HomeVC.swift; sourceTree = "<group>"; };
		B63843512139895000CEF376 /* PieChartSetting.swift */ = {isa = PBXFileReference; lastKnownFileType = sourcecode.swift; path = PieChartSetting.swift; sourceTree = "<group>"; };
		B6384354213A56BF00CEF376 /* RouletteItemCell.swift */ = {isa = PBXFileReference; lastKnownFileType = sourcecode.swift; path = RouletteItemCell.swift; sourceTree = "<group>"; };
		B6384355213A56BF00CEF376 /* RouletteItemCell.xib */ = {isa = PBXFileReference; lastKnownFileType = file.xib; path = RouletteItemCell.xib; sourceTree = "<group>"; };
		B6384359213A596E00CEF376 /* CircleView.swift */ = {isa = PBXFileReference; lastKnownFileType = sourcecode.swift; path = CircleView.swift; sourceTree = "<group>"; };
		B638435D213A5BB400CEF376 /* SetDataVC.swift */ = {isa = PBXFileReference; lastKnownFileType = sourcecode.swift; path = SetDataVC.swift; sourceTree = "<group>"; };
		B6384361213A925800CEF376 /* EffectView.swift */ = {isa = PBXFileReference; lastKnownFileType = sourcecode.swift; path = EffectView.swift; sourceTree = "<group>"; };
		B6384363213AC92D00CEF376 /* RouletteItemObj.swift */ = {isa = PBXFileReference; lastKnownFileType = sourcecode.swift; path = RouletteItemObj.swift; sourceTree = "<group>"; };
		B6384365213AC99600CEF376 /* RouletteDataset.swift */ = {isa = PBXFileReference; lastKnownFileType = sourcecode.swift; path = RouletteDataset.swift; sourceTree = "<group>"; };
		B6384368213AE04800CEF376 /* ExtensionUIColor.swift */ = {isa = PBXFileReference; lastKnownFileType = sourcecode.swift; path = ExtensionUIColor.swift; sourceTree = "<group>"; };
		B638436A213BCB9900CEF376 /* RealmManager.swift */ = {isa = PBXFileReference; lastKnownFileType = sourcecode.swift; path = RealmManager.swift; sourceTree = "<group>"; };
		B638436C213C67AD00CEF376 /* FavoriteLabel.swift */ = {isa = PBXFileReference; lastKnownFileType = sourcecode.swift; path = FavoriteLabel.swift; sourceTree = "<group>"; };
		B638436F213D01F500CEF376 /* FavoriteItemCell.swift */ = {isa = PBXFileReference; lastKnownFileType = sourcecode.swift; path = FavoriteItemCell.swift; sourceTree = "<group>"; };
		B6384370213D01F500CEF376 /* FavoriteItemCell.xib */ = {isa = PBXFileReference; lastKnownFileType = file.xib; path = FavoriteItemCell.xib; sourceTree = "<group>"; };
		B6384373213D02B400CEF376 /* FavoriteVC.swift */ = {isa = PBXFileReference; lastKnownFileType = sourcecode.swift; path = FavoriteVC.swift; sourceTree = "<group>"; };
		B675B409213449AC0083B5A7 /* RouletteApp.app */ = {isa = PBXFileReference; explicitFileType = wrapper.application; includeInIndex = 0; path = RouletteApp.app; sourceTree = BUILT_PRODUCTS_DIR; };
		B675B40C213449AC0083B5A7 /* AppDelegate.swift */ = {isa = PBXFileReference; lastKnownFileType = sourcecode.swift; path = AppDelegate.swift; sourceTree = "<group>"; };
		B675B411213449AC0083B5A7 /* Base */ = {isa = PBXFileReference; lastKnownFileType = file.storyboard; name = Base; path = Base.lproj/Main.storyboard; sourceTree = "<group>"; };
		B675B413213449B00083B5A7 /* Assets.xcassets */ = {isa = PBXFileReference; lastKnownFileType = folder.assetcatalog; path = Assets.xcassets; sourceTree = "<group>"; };
		B675B416213449B10083B5A7 /* Base */ = {isa = PBXFileReference; lastKnownFileType = file.storyboard; name = Base; path = Base.lproj/LaunchScreen.storyboard; sourceTree = "<group>"; };
		B675B418213449B10083B5A7 /* Info.plist */ = {isa = PBXFileReference; lastKnownFileType = text.plist.xml; path = Info.plist; sourceTree = "<group>"; };
		ECC55971986188C26647E7D4 /* Pods_RouletteApp.framework */ = {isa = PBXFileReference; explicitFileType = wrapper.framework; includeInIndex = 0; path = Pods_RouletteApp.framework; sourceTree = BUILT_PRODUCTS_DIR; };
/* End PBXFileReference section */

/* Begin PBXFrameworksBuildPhase section */
		B675B406213449AC0083B5A7 /* Frameworks */ = {
			isa = PBXFrameworksBuildPhase;
			buildActionMask = 2147483647;
			files = (
				8B602091F3E24444681CA742 /* Pods_RouletteApp.framework in Frameworks */,
			);
			runOnlyForDeploymentPostprocessing = 0;
		};
/* End PBXFrameworksBuildPhase section */

/* Begin PBXGroup section */
		9A4D44F00FFFBAFB8ED8C329 /* Frameworks */ = {
			isa = PBXGroup;
			children = (
				ECC55971986188C26647E7D4 /* Pods_RouletteApp.framework */,
			);
			name = Frameworks;
			sourceTree = "<group>";
		};
		B63843402135A40700CEF376 /* Controller */ = {
			isa = PBXGroup;
			children = (
				B63843412135A44000CEF376 /* ViewController.swift */,
				B63843432135A4F100CEF376 /* MenuVC.swift */,
				B63843452135A73500CEF376 /* ContentVC */,
			);
			name = Controller;
			path = ../Controller;
			sourceTree = "<group>";
		};
		B63843452135A73500CEF376 /* ContentVC */ = {
			isa = PBXGroup;
			children = (
				B63843492135A91400CEF376 /* BaseVC.swift */,
				B638434B2135A95800CEF376 /* HomeVC.swift */,
				B638435D213A5BB400CEF376 /* SetDataVC.swift */,
				B6384373213D02B400CEF376 /* FavoriteVC.swift */,
			);
			path = ContentVC;
			sourceTree = "<group>";
		};
		B63843462135A8CC00CEF376 /* View */ = {
			isa = PBXGroup;
			children = (
				B63843472135A8DE00CEF376 /* Storyboardable.swift */,
			);
			path = View;
			sourceTree = "<group>";
		};
		B6384353213A561700CEF376 /* RouletteItem */ = {
			isa = PBXGroup;
			children = (
				B6384354213A56BF00CEF376 /* RouletteItemCell.swift */,
				B6384355213A56BF00CEF376 /* RouletteItemCell.xib */,
			);
			path = RouletteItem;
			sourceTree = "<group>";
		};
		B6384358213A593D00CEF376 /* CustomView */ = {
			isa = PBXGroup;
			children = (
				B6384359213A596E00CEF376 /* CircleView.swift */,
				B6384361213A925800CEF376 /* EffectView.swift */,
				B638436C213C67AD00CEF376 /* FavoriteLabel.swift */,
			);
			path = CustomView;
			sourceTree = "<group>";
		};
		B6384367213AE02100CEF376 /* Extension */ = {
			isa = PBXGroup;
			children = (
				B6384368213AE04800CEF376 /* ExtensionUIColor.swift */,
				B6354FBE214B81FC002407D5 /* ExtensionNotification.swift */,
			);
			path = Extension;
			sourceTree = "<group>";
		};
		B638436E213D00ED00CEF376 /* FavoriteItem */ = {
			isa = PBXGroup;
			children = (
				B638436F213D01F500CEF376 /* FavoriteItemCell.swift */,
				B6384370213D01F500CEF376 /* FavoriteItemCell.xib */,
			);
			path = FavoriteItem;
			sourceTree = "<group>";
		};
		B675B400213449AB0083B5A7 = {
			isa = PBXGroup;
			children = (
				B675B40B213449AC0083B5A7 /* RouletteApp */,
				B675B40A213449AC0083B5A7 /* Products */,
				D1F511CB0E49DEC426CADEA4 /* Pods */,
				9A4D44F00FFFBAFB8ED8C329 /* Frameworks */,
			);
			sourceTree = "<group>";
		};
		B675B40A213449AC0083B5A7 /* Products */ = {
			isa = PBXGroup;
			children = (
				B675B409213449AC0083B5A7 /* RouletteApp.app */,
			);
			name = Products;
			sourceTree = "<group>";
		};
		B675B40B213449AC0083B5A7 /* RouletteApp */ = {
			isa = PBXGroup;
			children = (
				B675B40C213449AC0083B5A7 /* AppDelegate.swift */,
				B675B418213449B10083B5A7 /* Info.plist */,
				B675B42721344FD10083B5A7 /* Model */,
				B675B42821344FDD0083B5A7 /* View */,
				B63843402135A40700CEF376 /* Controller */,
				B675B42A21344FFE0083B5A7 /* Utility */,
			);
			path = RouletteApp;
			sourceTree = "<group>";
		};
		B675B42721344FD10083B5A7 /* Model */ = {
			isa = PBXGroup;
			children = (
				B638436A213BCB9900CEF376 /* RealmManager.swift */,
				B675B42C2134502F0083B5A7 /* Logic */,
				B675B42B213450230083B5A7 /* Entity */,
			);
			path = Model;
			sourceTree = "<group>";
		};
		B675B42821344FDD0083B5A7 /* View */ = {
			isa = PBXGroup;
			children = (
				B638436E213D00ED00CEF376 /* FavoriteItem */,
				B6384358213A593D00CEF376 /* CustomView */,
				B6384353213A561700CEF376 /* RouletteItem */,
				B63843512139895000CEF376 /* PieChartSetting.swift */,
				B675B413213449B00083B5A7 /* Assets.xcassets */,
				B675B42D2134503C0083B5A7 /* Storyboard */,
			);
			path = View;
			sourceTree = "<group>";
		};
		B675B42A21344FFE0083B5A7 /* Utility */ = {
			isa = PBXGroup;
			children = (
				B6384367213AE02100CEF376 /* Extension */,
				B63843462135A8CC00CEF376 /* View */,
			);
			path = Utility;
			sourceTree = "<group>";
		};
		B675B42B213450230083B5A7 /* Entity */ = {
			isa = PBXGroup;
			children = (
				B6384363213AC92D00CEF376 /* RouletteItemObj.swift */,
				B6384365213AC99600CEF376 /* RouletteDataset.swift */,
			);
			path = Entity;
			sourceTree = "<group>";
		};
		B675B42C2134502F0083B5A7 /* Logic */ = {
			isa = PBXGroup;
			children = (
			);
			path = Logic;
			sourceTree = "<group>";
		};
		B675B42D2134503C0083B5A7 /* Storyboard */ = {
			isa = PBXGroup;
			children = (
				B675B410213449AC0083B5A7 /* Main.storyboard */,
				B675B415213449B10083B5A7 /* LaunchScreen.storyboard */,
			);
			path = Storyboard;
			sourceTree = "<group>";
		};
		D1F511CB0E49DEC426CADEA4 /* Pods */ = {
			isa = PBXGroup;
			children = (
				8B4262C464200A2DAE4417FA /* Pods-RouletteApp.debug.xcconfig */,
				0F1EC45F3F06AFDEB830889F /* Pods-RouletteApp.release.xcconfig */,
			);
			name = Pods;
			sourceTree = "<group>";
		};
/* End PBXGroup section */

/* Begin PBXNativeTarget section */
		B675B408213449AC0083B5A7 /* RouletteApp */ = {
			isa = PBXNativeTarget;
			buildConfigurationList = B675B41B213449B10083B5A7 /* Build configuration list for PBXNativeTarget "RouletteApp" */;
			buildPhases = (
				3E2B8F8A9F6FFF4680BE5992 /* [CP] Check Pods Manifest.lock */,
				B675B405213449AC0083B5A7 /* Sources */,
				B675B406213449AC0083B5A7 /* Frameworks */,
				B675B407213449AC0083B5A7 /* Resources */,
				B675B41E21344AF30083B5A7 /* ShellScript */,
				FB1138C2CD28BD325D202E6F /* [CP] Embed Pods Frameworks */,
			);
			buildRules = (
			);
			dependencies = (
			);
			name = RouletteApp;
			productName = RouletteApp;
			productReference = B675B409213449AC0083B5A7 /* RouletteApp.app */;
			productType = "com.apple.product-type.application";
		};
/* End PBXNativeTarget section */

/* Begin PBXProject section */
		B675B401213449AB0083B5A7 /* Project object */ = {
			isa = PBXProject;
			attributes = {
				LastSwiftUpdateCheck = 0940;
				LastUpgradeCheck = 0940;
				ORGANIZATIONNAME = "Yoki Higashihara";
				TargetAttributes = {
					B675B408213449AC0083B5A7 = {
						CreatedOnToolsVersion = 9.4.1;
					};
				};
			};
			buildConfigurationList = B675B404213449AB0083B5A7 /* Build configuration list for PBXProject "RouletteApp" */;
			compatibilityVersion = "Xcode 9.3";
			developmentRegion = en;
			hasScannedForEncodings = 0;
			knownRegions = (
				en,
				Base,
			);
			mainGroup = B675B400213449AB0083B5A7;
			productRefGroup = B675B40A213449AC0083B5A7 /* Products */;
			projectDirPath = "";
			projectRoot = "";
			targets = (
				B675B408213449AC0083B5A7 /* RouletteApp */,
			);
		};
/* End PBXProject section */

/* Begin PBXResourcesBuildPhase section */
		B675B407213449AC0083B5A7 /* Resources */ = {
			isa = PBXResourcesBuildPhase;
			buildActionMask = 2147483647;
			files = (
				B6384357213A56BF00CEF376 /* RouletteItemCell.xib in Resources */,
				B675B417213449B10083B5A7 /* LaunchScreen.storyboard in Resources */,
				B675B414213449B00083B5A7 /* Assets.xcassets in Resources */,
				B6384372213D01F500CEF376 /* FavoriteItemCell.xib in Resources */,
				B675B412213449AC0083B5A7 /* Main.storyboard in Resources */,
			);
			runOnlyForDeploymentPostprocessing = 0;
		};
/* End PBXResourcesBuildPhase section */

/* Begin PBXShellScriptBuildPhase section */
		3E2B8F8A9F6FFF4680BE5992 /* [CP] Check Pods Manifest.lock */ = {
			isa = PBXShellScriptBuildPhase;
			buildActionMask = 2147483647;
			files = (
			);
			inputPaths = (
				"${PODS_PODFILE_DIR_PATH}/Podfile.lock",
				"${PODS_ROOT}/Manifest.lock",
			);
			name = "[CP] Check Pods Manifest.lock";
			outputPaths = (
				"$(DERIVED_FILE_DIR)/Pods-RouletteApp-checkManifestLockResult.txt",
			);
			runOnlyForDeploymentPostprocessing = 0;
			shellPath = /bin/sh;
			shellScript = "diff \"${PODS_PODFILE_DIR_PATH}/Podfile.lock\" \"${PODS_ROOT}/Manifest.lock\" > /dev/null\nif [ $? != 0 ] ; then\n    # print error to STDERR\n    echo \"error: The sandbox is not in sync with the Podfile.lock. Run 'pod install' or update your CocoaPods installation.\" >&2\n    exit 1\nfi\n# This output is used by Xcode 'outputs' to avoid re-running this script phase.\necho \"SUCCESS\" > \"${SCRIPT_OUTPUT_FILE_0}\"\n";
			showEnvVarsInLog = 0;
		};
		B675B41E21344AF30083B5A7 /* ShellScript */ = {
			isa = PBXShellScriptBuildPhase;
			buildActionMask = 2147483647;
			files = (
			);
			inputPaths = (
			);
			outputPaths = (
			);
			runOnlyForDeploymentPostprocessing = 0;
			shellPath = /bin/sh;
			shellScript = "if which swiftlint >/dev/null; then\n    swiftlint\nelse\n    echo \"warning: SwiftLint not installed, download from https://github.com/realm/SwiftLint\"\nfi";
			showEnvVarsInLog = 0;
		};
		FB1138C2CD28BD325D202E6F /* [CP] Embed Pods Frameworks */ = {
			isa = PBXShellScriptBuildPhase;
			buildActionMask = 2147483647;
			files = (
			);
			inputPaths = (
				"${SRCROOT}/Pods/Target Support Files/Pods-RouletteApp/Pods-RouletteApp-frameworks.sh",
				"${BUILT_PRODUCTS_DIR}/CariocaMenu/CariocaMenu.framework",
				"${BUILT_PRODUCTS_DIR}/Charts/Charts.framework",
				"${BUILT_PRODUCTS_DIR}/ChromaColorPicker/ChromaColorPicker.framework",
				"${BUILT_PRODUCTS_DIR}/Realm/Realm.framework",
				"${BUILT_PRODUCTS_DIR}/RealmSwift/RealmSwift.framework",
			);
			name = "[CP] Embed Pods Frameworks";
			outputPaths = (
				"${TARGET_BUILD_DIR}/${FRAMEWORKS_FOLDER_PATH}/CariocaMenu.framework",
				"${TARGET_BUILD_DIR}/${FRAMEWORKS_FOLDER_PATH}/Charts.framework",
				"${TARGET_BUILD_DIR}/${FRAMEWORKS_FOLDER_PATH}/ChromaColorPicker.framework",
				"${TARGET_BUILD_DIR}/${FRAMEWORKS_FOLDER_PATH}/Realm.framework",
				"${TARGET_BUILD_DIR}/${FRAMEWORKS_FOLDER_PATH}/RealmSwift.framework",
			);
			runOnlyForDeploymentPostprocessing = 0;
			shellPath = /bin/sh;
			shellScript = "\"${SRCROOT}/Pods/Target Support Files/Pods-RouletteApp/Pods-RouletteApp-frameworks.sh\"\n";
			showEnvVarsInLog = 0;
		};
/* End PBXShellScriptBuildPhase section */

/* Begin PBXSourcesBuildPhase section */
		B675B405213449AC0083B5A7 /* Sources */ = {
			isa = PBXSourcesBuildPhase;
			buildActionMask = 2147483647;
			files = (
				B638435A213A596E00CEF376 /* CircleView.swift in Sources */,
				B63843522139895000CEF376 /* PieChartSetting.swift in Sources */,
				B638436B213BCB9900CEF376 /* RealmManager.swift in Sources */,
				B6384364213AC92D00CEF376 /* RouletteItemObj.swift in Sources */,
				B638434C2135A95800CEF376 /* HomeVC.swift in Sources */,
				B638435E213A5BB400CEF376 /* SetDataVC.swift in Sources */,
				B6384369213AE04800CEF376 /* ExtensionUIColor.swift in Sources */,
				B6384362213A925800CEF376 /* EffectView.swift in Sources */,
				B63843482135A8DE00CEF376 /* Storyboardable.swift in Sources */,
				B6354FBF214B81FC002407D5 /* ExtensionNotification.swift in Sources */,
				B63843422135A44000CEF376 /* ViewController.swift in Sources */,
				B6384374213D02B400CEF376 /* FavoriteVC.swift in Sources */,
				B6384356213A56BF00CEF376 /* RouletteItemCell.swift in Sources */,
				B6384366213AC99600CEF376 /* RouletteDataset.swift in Sources */,
				B6384371213D01F500CEF376 /* FavoriteItemCell.swift in Sources */,
				B675B40D213449AC0083B5A7 /* AppDelegate.swift in Sources */,
				B63843442135A4F100CEF376 /* MenuVC.swift in Sources */,
				B638436D213C67AD00CEF376 /* FavoriteLabel.swift in Sources */,
				B638434A2135A91400CEF376 /* BaseVC.swift in Sources */,
			);
			runOnlyForDeploymentPostprocessing = 0;
		};
/* End PBXSourcesBuildPhase section */

/* Begin PBXVariantGroup section */
		B675B410213449AC0083B5A7 /* Main.storyboard */ = {
			isa = PBXVariantGroup;
			children = (
				B675B411213449AC0083B5A7 /* Base */,
			);
			name = Main.storyboard;
			sourceTree = "<group>";
		};
		B675B415213449B10083B5A7 /* LaunchScreen.storyboard */ = {
			isa = PBXVariantGroup;
			children = (
				B675B416213449B10083B5A7 /* Base */,
			);
			name = LaunchScreen.storyboard;
			sourceTree = "<group>";
		};
/* End PBXVariantGroup section */

/* Begin XCBuildConfiguration section */
		B675B419213449B10083B5A7 /* Debug */ = {
			isa = XCBuildConfiguration;
			buildSettings = {
				ALWAYS_SEARCH_USER_PATHS = NO;
				CLANG_ANALYZER_NONNULL = YES;
				CLANG_ANALYZER_NUMBER_OBJECT_CONVERSION = YES_AGGRESSIVE;
				CLANG_CXX_LANGUAGE_STANDARD = "gnu++14";
				CLANG_CXX_LIBRARY = "libc++";
				CLANG_ENABLE_MODULES = YES;
				CLANG_ENABLE_OBJC_ARC = YES;
				CLANG_ENABLE_OBJC_WEAK = YES;
				CLANG_WARN_BLOCK_CAPTURE_AUTORELEASING = YES;
				CLANG_WARN_BOOL_CONVERSION = YES;
				CLANG_WARN_COMMA = YES;
				CLANG_WARN_CONSTANT_CONVERSION = YES;
				CLANG_WARN_DEPRECATED_OBJC_IMPLEMENTATIONS = YES;
				CLANG_WARN_DIRECT_OBJC_ISA_USAGE = YES_ERROR;
				CLANG_WARN_DOCUMENTATION_COMMENTS = YES;
				CLANG_WARN_EMPTY_BODY = YES;
				CLANG_WARN_ENUM_CONVERSION = YES;
				CLANG_WARN_INFINITE_RECURSION = YES;
				CLANG_WARN_INT_CONVERSION = YES;
				CLANG_WARN_NON_LITERAL_NULL_CONVERSION = YES;
				CLANG_WARN_OBJC_IMPLICIT_RETAIN_SELF = YES;
				CLANG_WARN_OBJC_LITERAL_CONVERSION = YES;
				CLANG_WARN_OBJC_ROOT_CLASS = YES_ERROR;
				CLANG_WARN_RANGE_LOOP_ANALYSIS = YES;
				CLANG_WARN_STRICT_PROTOTYPES = YES;
				CLANG_WARN_SUSPICIOUS_MOVE = YES;
				CLANG_WARN_UNGUARDED_AVAILABILITY = YES_AGGRESSIVE;
				CLANG_WARN_UNREACHABLE_CODE = YES;
				CLANG_WARN__DUPLICATE_METHOD_MATCH = YES;
				CODE_SIGN_IDENTITY = "iPhone Developer";
				COPY_PHASE_STRIP = NO;
				DEBUG_INFORMATION_FORMAT = dwarf;
				ENABLE_STRICT_OBJC_MSGSEND = YES;
				ENABLE_TESTABILITY = YES;
				GCC_C_LANGUAGE_STANDARD = gnu11;
				GCC_DYNAMIC_NO_PIC = NO;
				GCC_NO_COMMON_BLOCKS = YES;
				GCC_OPTIMIZATION_LEVEL = 0;
				GCC_PREPROCESSOR_DEFINITIONS = (
					"DEBUG=1",
					"$(inherited)",
				);
				GCC_WARN_64_TO_32_BIT_CONVERSION = YES;
				GCC_WARN_ABOUT_RETURN_TYPE = YES_ERROR;
				GCC_WARN_UNDECLARED_SELECTOR = YES;
				GCC_WARN_UNINITIALIZED_AUTOS = YES_AGGRESSIVE;
				GCC_WARN_UNUSED_FUNCTION = YES;
				GCC_WARN_UNUSED_VARIABLE = YES;
				IPHONEOS_DEPLOYMENT_TARGET = 11.4;
				MTL_ENABLE_DEBUG_INFO = YES;
				ONLY_ACTIVE_ARCH = YES;
				SDKROOT = iphoneos;
				SWIFT_ACTIVE_COMPILATION_CONDITIONS = DEBUG;
				SWIFT_OPTIMIZATION_LEVEL = "-Onone";
			};
			name = Debug;
		};
		B675B41A213449B10083B5A7 /* Release */ = {
			isa = XCBuildConfiguration;
			buildSettings = {
				ALWAYS_SEARCH_USER_PATHS = NO;
				CLANG_ANALYZER_NONNULL = YES;
				CLANG_ANALYZER_NUMBER_OBJECT_CONVERSION = YES_AGGRESSIVE;
				CLANG_CXX_LANGUAGE_STANDARD = "gnu++14";
				CLANG_CXX_LIBRARY = "libc++";
				CLANG_ENABLE_MODULES = YES;
				CLANG_ENABLE_OBJC_ARC = YES;
				CLANG_ENABLE_OBJC_WEAK = YES;
				CLANG_WARN_BLOCK_CAPTURE_AUTORELEASING = YES;
				CLANG_WARN_BOOL_CONVERSION = YES;
				CLANG_WARN_COMMA = YES;
				CLANG_WARN_CONSTANT_CONVERSION = YES;
				CLANG_WARN_DEPRECATED_OBJC_IMPLEMENTATIONS = YES;
				CLANG_WARN_DIRECT_OBJC_ISA_USAGE = YES_ERROR;
				CLANG_WARN_DOCUMENTATION_COMMENTS = YES;
				CLANG_WARN_EMPTY_BODY = YES;
				CLANG_WARN_ENUM_CONVERSION = YES;
				CLANG_WARN_INFINITE_RECURSION = YES;
				CLANG_WARN_INT_CONVERSION = YES;
				CLANG_WARN_NON_LITERAL_NULL_CONVERSION = YES;
				CLANG_WARN_OBJC_IMPLICIT_RETAIN_SELF = YES;
				CLANG_WARN_OBJC_LITERAL_CONVERSION = YES;
				CLANG_WARN_OBJC_ROOT_CLASS = YES_ERROR;
				CLANG_WARN_RANGE_LOOP_ANALYSIS = YES;
				CLANG_WARN_STRICT_PROTOTYPES = YES;
				CLANG_WARN_SUSPICIOUS_MOVE = YES;
				CLANG_WARN_UNGUARDED_AVAILABILITY = YES_AGGRESSIVE;
				CLANG_WARN_UNREACHABLE_CODE = YES;
				CLANG_WARN__DUPLICATE_METHOD_MATCH = YES;
				CODE_SIGN_IDENTITY = "iPhone Developer";
				COPY_PHASE_STRIP = NO;
				DEBUG_INFORMATION_FORMAT = "dwarf-with-dsym";
				ENABLE_NS_ASSERTIONS = NO;
				ENABLE_STRICT_OBJC_MSGSEND = YES;
				GCC_C_LANGUAGE_STANDARD = gnu11;
				GCC_NO_COMMON_BLOCKS = YES;
				GCC_WARN_64_TO_32_BIT_CONVERSION = YES;
				GCC_WARN_ABOUT_RETURN_TYPE = YES_ERROR;
				GCC_WARN_UNDECLARED_SELECTOR = YES;
				GCC_WARN_UNINITIALIZED_AUTOS = YES_AGGRESSIVE;
				GCC_WARN_UNUSED_FUNCTION = YES;
				GCC_WARN_UNUSED_VARIABLE = YES;
				IPHONEOS_DEPLOYMENT_TARGET = 11.4;
				MTL_ENABLE_DEBUG_INFO = NO;
				SDKROOT = iphoneos;
				SWIFT_COMPILATION_MODE = wholemodule;
				SWIFT_OPTIMIZATION_LEVEL = "-O";
				VALIDATE_PRODUCT = YES;
			};
			name = Release;
		};
		B675B41C213449B10083B5A7 /* Debug */ = {
			isa = XCBuildConfiguration;
			baseConfigurationReference = 8B4262C464200A2DAE4417FA /* Pods-RouletteApp.debug.xcconfig */;
			buildSettings = {
				ASSETCATALOG_COMPILER_APPICON_NAME = AppIcon;
				CODE_SIGN_STYLE = Automatic;
				DEVELOPMENT_TEAM = EAZT2D654U;
				INFOPLIST_FILE = RouletteApp/Info.plist;
				LD_RUNPATH_SEARCH_PATHS = (
					"$(inherited)",
					"@executable_path/Frameworks",
				);
				PRODUCT_BUNDLE_IDENTIFIER = yyokii.RouletteApp;
				PRODUCT_NAME = "$(TARGET_NAME)";
				SWIFT_VERSION = 4.0;
				TARGETED_DEVICE_FAMILY = "1,2";
			};
			name = Debug;
		};
		B675B41D213449B10083B5A7 /* Release */ = {
			isa = XCBuildConfiguration;
			baseConfigurationReference = 0F1EC45F3F06AFDEB830889F /* Pods-RouletteApp.release.xcconfig */;
			buildSettings = {
				ASSETCATALOG_COMPILER_APPICON_NAME = AppIcon;
				CODE_SIGN_STYLE = Automatic;
				DEVELOPMENT_TEAM = EAZT2D654U;
				INFOPLIST_FILE = RouletteApp/Info.plist;
				LD_RUNPATH_SEARCH_PATHS = (
					"$(inherited)",
					"@executable_path/Frameworks",
				);
				PRODUCT_BUNDLE_IDENTIFIER = yyokii.RouletteApp;
				PRODUCT_NAME = "$(TARGET_NAME)";
				SWIFT_VERSION = 4.0;
				TARGETED_DEVICE_FAMILY = "1,2";
			};
			name = Release;
		};
/* End XCBuildConfiguration section */

/* Begin XCConfigurationList section */
		B675B404213449AB0083B5A7 /* Build configuration list for PBXProject "RouletteApp" */ = {
			isa = XCConfigurationList;
			buildConfigurations = (
				B675B419213449B10083B5A7 /* Debug */,
				B675B41A213449B10083B5A7 /* Release */,
			);
			defaultConfigurationIsVisible = 0;
			defaultConfigurationName = Release;
		};
		B675B41B213449B10083B5A7 /* Build configuration list for PBXNativeTarget "RouletteApp" */ = {
			isa = XCConfigurationList;
			buildConfigurations = (
				B675B41C213449B10083B5A7 /* Debug */,
				B675B41D213449B10083B5A7 /* Release */,
			);
			defaultConfigurationIsVisible = 0;
			defaultConfigurationName = Release;
		};
/* End XCConfigurationList section */
	};
	rootObject = B675B401213449AB0083B5A7 /* Project object */;
}
